schema: '2.0'
stages:
  data_ingestion:
    cmd: python src\data\data_ingestion.py
    deps:
    - path: src\data\data_ingestion.py
      hash: md5
      md5: 19d65079f6555990563143f2b469f978
      size: 3872
    params:
      params.yaml:
        data_ingestion.test_size: 0.4
    outs:
    - path: data\raw\test.csv
      hash: md5
      md5: 8d028d8e5c28585383276fd4538c8c39
      size: 332828
    - path: data\raw\train.csv
      hash: md5
      md5: 3aa2c149180d8f56d4acdf630b608979
      size: 495145
  data_preprocessing:
    cmd: python src\data\data_preprocessing.py
    deps:
    - path: data\raw\test.csv
      hash: md5
      md5: 8d028d8e5c28585383276fd4538c8c39
      size: 332828
    - path: data\raw\train.csv
      hash: md5
      md5: 3aa2c149180d8f56d4acdf630b608979
      size: 495145
    - path: src\data\data_preprocessing.py
      hash: md5
      md5: 1686967fdef565bd3593e5838bf948e8
      size: 5495
    outs:
    - path: data\processed\test.csv
      hash: md5
      md5: edadc2b328531fd362d9db7d4838250b
      size: 227810
    - path: data\processed\train.csv
      hash: md5
      md5: 7e9214ed333be88bfa1c3d2475204133
      size: 338400
  feature_engineering:
    cmd: python src\features\feature_engg.py
    deps:
    - path: data\processed\test.csv
      hash: md5
      md5: edadc2b328531fd362d9db7d4838250b
      size: 227810
    - path: data\processed\train.csv
      hash: md5
      md5: 7e9214ed333be88bfa1c3d2475204133
      size: 338400
    - path: src\features\feature_engg.py
      hash: md5
      md5: 09fe1f76e0213bd2e8c3ac5034c3f0fa
      size: 4074
    params:
      params.yaml:
        feature_engineering.max_features: 1000
    outs:
    - path: data\interim\test_tfidf.csv
      hash: md5
      md5: 4e430540be84bdf05c5a11f7d3503fb2
      size: 16944788
    - path: data\interim\train_tfidf.csv
      hash: md5
      md5: 1570d428115b154d3e36b094c050701d
      size: 25425666
  model_training:
    cmd: python src\models\modelling.py
    deps:
    - path: data\interim\train_tfidf.csv
      hash: md5
      md5: 1570d428115b154d3e36b094c050701d
      size: 25425666
    - path: src\models\modelling.py
      hash: md5
      md5: 23ed8e4dee684f46bfaf6886f0dde53a
      size: 935
    params:
      params.yaml:
        model_training.max_depth: 30
        model_training.n_estimators: 110
    outs:
    - path: models\random_forest_model.pkl
      hash: md5
      md5: cf178df1a769528e8bbd66244ee6b8e5
      size: 6071546
  model_evaluation:
    cmd: python src\models\model_evaluation.py
    deps:
    - path: data\interim\test_tfidf.csv
      hash: md5
      md5: 4e430540be84bdf05c5a11f7d3503fb2
      size: 16944788
    - path: models\random_forest_model.pkl
      hash: md5
      md5: cf178df1a769528e8bbd66244ee6b8e5
      size: 6071546
    - path: src\models\model_evaluation.py
      hash: md5
      md5: 39abd38ac5aa01eb8f6646c7934d1061
      size: 2809
    outs:
    - path: reports\metrics.json
      hash: md5
      md5: 1d1c0c70232e4ce04fdb141c72569457
      size: 148
